
Microsoft Visual Studio Solution File, Format Version 12.00
# Visual Studio Version 17
VisualStudioVersion = 17.6.33829.357
MinimumVisualStudioVersion = 10.0.40219.1
Project("{9A19103F-16F7-4668-BE54-9A1E7A4F7556}") = "AspNetCore.Api", "src\AspNetCore.Api\AspNetCore.Api.csproj", "{D9D84AFD-8DE7-419F-BBAC-FAB7D5E680B6}"
EndProject
Project("{9A19103F-16F7-4668-BE54-9A1E7A4F7556}") = "AspNetCore.Api.Swagger", "src\AspNetCore.Api.Swagger\AspNetCore.Api.Swagger.csproj", "{3150EA00-661C-4734-86B8-600DAD7039C8}"
EndProject
Project("{9A19103F-16F7-4668-BE54-9A1E7A4F7556}") = "AspNetCore.Api.MinimalApi", "src\AspNetCore.Api.MinimalApi\AspNetCore.Api.MinimalApi.csproj", "{ADEA019D-0245-421D-8EA6-EBA8D1DFCDBD}"
EndProject
Project("{9A19103F-16F7-4668-BE54-9A1E7A4F7556}") = "AspNetCore.Api.Docker", "src\AspNetCore.Api.Docker\AspNetCore.Api.Docker.csproj", "{D3E184DB-3829-4D49-BFA2-9137558A7C16}"
EndProject
Project("{9A19103F-16F7-4668-BE54-9A1E7A4F7556}") = "AspNetCore.Api.Email", "src\AspNetCore.Api.Email\AspNetCore.Api.Email.csproj", "{8599F3A9-E3D1-4411-B687-2E6EC134C4A3}"
EndProject
Project("{9A19103F-16F7-4668-BE54-9A1E7A4F7556}") = "AspNetCore.Api.FluentValidations", "src\AspNetCore.Api.FluentValidations\AspNetCore.Api.FluentValidations.csproj", "{6906BF21-0CC2-46CB-A6C7-302361A2293B}"
EndProject
Project("{9A19103F-16F7-4668-BE54-9A1E7A4F7556}") = "AspNetCore.Database.EntityFramework", "src\AspNetCore.Database.EntityFramework\AspNetCore.Database.EntityFramework.csproj", "{698962F0-5A0D-460A-A4E7-90421EB3AEC9}"
EndProject
Project("{9A19103F-16F7-4668-BE54-9A1E7A4F7556}") = "AspNetCore.Client.OData", "src\AspNetCore.Client.OData\AspNetCore.Client.OData.csproj", "{8E6711C2-877B-47C7-8787-FD2932478087}"
EndProject
Project("{9A19103F-16F7-4668-BE54-9A1E7A4F7556}") = "AspNetCore.Authentication.Identity", "src\AspNetCore.Authentication.Identity\AspNetCore.Authentication.Identity.csproj", "{1B42FD74-6C23-4773-8136-0C097C90CE0C}"
EndProject
Project("{9A19103F-16F7-4668-BE54-9A1E7A4F7556}") = "AspNetCore.Api.HandleError", "src\AspNetCore.Api.HandleError\AspNetCore.Api.HandleError.csproj", "{5A411DE6-DC66-4FB0-92F2-127B85C6CA0F}"
EndProject
Project("{9A19103F-16F7-4668-BE54-9A1E7A4F7556}") = "AspNetCore.Client.HttpClient", "src\AspNetCore.Client.HttpClient\AspNetCore.Client.HttpClient.csproj", "{ACFE91A1-F424-4780-B47B-DAD568601081}"
EndProject
Project("{9A19103F-16F7-4668-BE54-9A1E7A4F7556}") = "AspNetCore.Api.Cache", "src\AspNetCore.Api.Cache\AspNetCore.Api.Cache.csproj", "{7D47FDD4-F5AF-47E0-82BF-504169CDA2AA}"
EndProject
Project("{9A19103F-16F7-4668-BE54-9A1E7A4F7556}") = "AspNetCore.Api.FakeData", "src\AspNetCore.Api.FakeData\AspNetCore.Api.FakeData.csproj", "{C42C811B-06D1-4ECB-98E0-117A7F938190}"
EndProject
Project("{9A19103F-16F7-4668-BE54-9A1E7A4F7556}") = "AspNetCore.Api.Extensions", "src\AspNetCore.Api.Extensions\AspNetCore.Api.Extensions.csproj", "{BE3F0575-AE82-41A3-B3BB-74894D01CE32}"
EndProject
Project("{9A19103F-16F7-4668-BE54-9A1E7A4F7556}") = "AspNetCore.Authentication.IdentityWeb", "src\AspNetCore.Authentication.IdentityWeb\AspNetCore.Authentication.IdentityWeb.csproj", "{9B43FDCE-4475-41D8-9843-04EEE4AAD440}"
EndProject
Project("{9A19103F-16F7-4668-BE54-9A1E7A4F7556}") = "AspNetCore.Client.MVC", "src\AspNetCore.Client.MVC\AspNetCore.Client.MVC.csproj", "{681693CB-1668-4EAE-95C0-FDB980B2F4AB}"
EndProject
Project("{9A19103F-16F7-4668-BE54-9A1E7A4F7556}") = "AspNetCore.CleanArchitecture", "src\AspNetCore.CleanArchitecture\AspNetCore.CleanArchitecture.csproj", "{9890143A-D9DF-45BE-ADBF-AFE623FB5C3D}"
EndProject
Project("{9A19103F-16F7-4668-BE54-9A1E7A4F7556}") = "AspNetCore.Api.Helpers", "src\AspNetCore.Api.Helpers\AspNetCore.Api.Helpers.csproj", "{FA06DAFE-BA94-4D25-A25B-FAB6D5C2054E}"
EndProject
Project("{9A19103F-16F7-4668-BE54-9A1E7A4F7556}") = "AspNetCore.ExpressionBuilder.LinqKit", "src\AspNetCore.ExpressionBuilder.LinqKit\AspNetCore.ExpressionBuilder.LinqKit.csproj", "{CDB16241-725C-4105-9880-7FD6DD3E317F}"
EndProject
Project("{9A19103F-16F7-4668-BE54-9A1E7A4F7556}") = "AspNetCore.TaskScheduler.Quartz", "src\AspNetCore.TaskScheduler.Quartz\AspNetCore.TaskScheduler.Quartz.csproj", "{CB3FF2E2-FE73-48AF-8CA4-A4FDFEC4F245}"
EndProject
Project("{9A19103F-16F7-4668-BE54-9A1E7A4F7556}") = "AspNetCore.Authentication.Cookie", "src\AspNetCore.Authentication.Cookie\AspNetCore.Authentication.Cookie.csproj", "{8450A8AB-7C9D-4EA1-B60A-CF422233FCF8}"
EndProject
Project("{9A19103F-16F7-4668-BE54-9A1E7A4F7556}") = "AspNetCore.Authentication.JWT", "src\AspNetCore.Authentication.JWT\AspNetCore.Authentication.JWT.csproj", "{92F33972-6BCF-45FB-ADF0-C5FDB805D203}"
EndProject
Project("{9A19103F-16F7-4668-BE54-9A1E7A4F7556}") = "AspNetCore.Database.InMemory", "src\AspNetCore.Database.InMemory\AspNetCore.Database.InMemory.csproj", "{0A4C2235-B212-49E8-91D8-0FA997C55ACC}"
EndProject
Project("{9A19103F-16F7-4668-BE54-9A1E7A4F7556}") = "AspNetCore.Database.Mongo", "src\AspNetCore.Database.Mongo\AspNetCore.Database.Mongo.csproj", "{781E8F04-1F1B-426D-805F-17D54B504C6F}"
EndProject
Project("{9A19103F-16F7-4668-BE54-9A1E7A4F7556}") = "AspNetCore.Database.Mysql", "src\AspNetCore.Database.Mysql\AspNetCore.Database.Mysql.csproj", "{F21396E6-7C9B-49BF-AE1F-347CCF473599}"
EndProject
Project("{9A19103F-16F7-4668-BE54-9A1E7A4F7556}") = "AspNetCore.Database.Sqlite", "src\AspNetCore.Database.Sqlite\AspNetCore.Database.Sqlite.csproj", "{6407BAAA-9C3A-405B-A910-3DA09D483CE1}"
EndProject
Project("{9A19103F-16F7-4668-BE54-9A1E7A4F7556}") = "AspNetCore.File.CSV", "src\AspNetCore.File.CSV\AspNetCore.File.CSV.csproj", "{B2BDAFFA-0118-46FF-B406-BEA4B4377EB9}"
EndProject
Project("{9A19103F-16F7-4668-BE54-9A1E7A4F7556}") = "AspNetCore.File.Excel", "src\AspNetCore.File.Excel\AspNetCore.File.Excel.csproj", "{679EDE1D-3C62-4ECD-A7F1-469908391EC2}"
EndProject
Project("{9A19103F-16F7-4668-BE54-9A1E7A4F7556}") = "AspNetCore.ObjectMapping.AutoMapper", "src\AspNetCore.ObjectMapping.AutoMapper\AspNetCore.ObjectMapping.AutoMapper.csproj", "{7018D203-0297-4F96-A4E0-5B9A218CB43B}"
EndProject
Project("{9A19103F-16F7-4668-BE54-9A1E7A4F7556}") = "AspNetCore.ObjectMapping.Mapster", "src\AspNetCore.ObjectMapping.Mapster\AspNetCore.ObjectMapping.Mapster.csproj", "{3F81A7EB-50DE-4EB0-85BC-0A36A58B48E1}"
EndProject
Project("{9A19103F-16F7-4668-BE54-9A1E7A4F7556}") = "AspNetCore.Pattern.CQRS.MediatorPattern.MediatR", "src\AspNetCore.Pattern.CQRS.MediatorPattern.MediatR\AspNetCore.Pattern.CQRS.MediatorPattern.MediatR.csproj", "{4957F1A7-C7C4-4CC6-B403-16EE3D1ABA44}"
EndProject
Project("{9A19103F-16F7-4668-BE54-9A1E7A4F7556}") = "AspNetCore.Pattern.RepositoryPattern", "src\AspNetCore.Pattern.RepositoryPattern\AspNetCore.Pattern.RepositoryPattern.csproj", "{2C4C70B0-0991-41B7-BCC9-36A732E041B6}"
EndProject
Project("{9A19103F-16F7-4668-BE54-9A1E7A4F7556}") = "AspNetCore.TaskScheduler.Hangfire", "src\AspNetCore.TaskScheduler.Hangfire\AspNetCore.TaskScheduler.Hangfire.csproj", "{7152D1B7-DCEC-41E0-ADBC-7AD38DB07963}"
EndProject
Project("{9A19103F-16F7-4668-BE54-9A1E7A4F7556}") = "AspNetCore.ExpressionBuilder.Extensions", "src\AspNetCore.ExpressionBuilder.Extensions\AspNetCore.ExpressionBuilder.Extensions.csproj", "{60EDD0B4-D570-433B-8B05-E1EA83F7CAC7}"
EndProject
Project("{9A19103F-16F7-4668-BE54-9A1E7A4F7556}") = "AspNetCore.ExpressionBuilder.SystemLinqDynamicCore", "src\AspNetCore.ExpressionBuilder.SystemLinqDynamicCore\AspNetCore.ExpressionBuilder.SystemLinqDynamicCore.csproj", "{FC6E4503-7133-42F1-A3E3-85C27EF64830}"
EndProject
Project("{9A19103F-16F7-4668-BE54-9A1E7A4F7556}") = "AspNetCore.RealTime.SignalR", "src\AspNetCore.RealTime.SignalR\AspNetCore.RealTime.SignalR.csproj", "{C495AAB0-C2BF-49C3-A623-CC9C52B486D7}"
EndProject
Project("{9A19103F-16F7-4668-BE54-9A1E7A4F7556}") = "AspNetCore.SMS.Twilio", "src\AspNetCore.SMS.Twilio\AspNetCore.SMS.Twilio.csproj", "{8AD8B627-FC5E-4175-A333-7600F1EC9D09}"
EndProject
Project("{9A19103F-16F7-4668-BE54-9A1E7A4F7556}") = "AspNetCore.SMS.ASPSMSs", "src\AspNetCore.SMS.ASPSMS\AspNetCore.SMS.ASPSMSs.csproj", "{631AF64D-B90F-42FC-BAF6-FE6C0E6B3AEC}"
EndProject
Project("{9A19103F-16F7-4668-BE54-9A1E7A4F7556}") = "AspNetCore.SMS.SpeedSMS", "src\AspNetCore.SMS.SpeedSMS\AspNetCore.SMS.SpeedSMS.csproj", "{74F9CF9C-73A8-438C-B957-985868B7EB3D}"
EndProject
Project("{9A19103F-16F7-4668-BE54-9A1E7A4F7556}") = "AspNetCore.SMS.Telerivet", "src\AspNetCore.SMS.Telerivet\AspNetCore.SMS.Telerivet.csproj", "{8A8D4870-E6F5-416E-901C-03E4AE05B75D}"
EndProject
Project("{9A19103F-16F7-4668-BE54-9A1E7A4F7556}") = "AspNetCore.SMS.HttpSms", "src\AspNetCore.SMS.HttpSms\AspNetCore.SMS.HttpSms.csproj", "{C0F1DD8F-6C82-48C1-B54C-058EB28D41A5}"
EndProject
Project("{9A19103F-16F7-4668-BE54-9A1E7A4F7556}") = "AspNetCore.SMS.SmsGateway", "src\AspNetCore.SMS.SmsGateway\AspNetCore.SMS.SmsGateway.csproj", "{28A0C487-7EF5-45BB-A4C0-5550AB27B8E6}"
EndProject
Project("{FAE04EC0-301F-11D3-BF4B-00C04F79EFBC}") = "AspNetCore.SMS.Smschef", "src\AspNetCore.SMS.Smschef\AspNetCore.SMS.Smschef.csproj", "{ACA8F828-01DB-41DB-AEAB-4C85867CEBB0}"
EndProject
Global
	GlobalSection(SolutionConfigurationPlatforms) = preSolution
		Debug|Any CPU = Debug|Any CPU
		Release|Any CPU = Release|Any CPU
	EndGlobalSection
	GlobalSection(ProjectConfigurationPlatforms) = postSolution
		{D9D84AFD-8DE7-419F-BBAC-FAB7D5E680B6}.Debug|Any CPU.ActiveCfg = Debug|Any CPU
		{D9D84AFD-8DE7-419F-BBAC-FAB7D5E680B6}.Debug|Any CPU.Build.0 = Debug|Any CPU
		{D9D84AFD-8DE7-419F-BBAC-FAB7D5E680B6}.Release|Any CPU.ActiveCfg = Release|Any CPU
		{D9D84AFD-8DE7-419F-BBAC-FAB7D5E680B6}.Release|Any CPU.Build.0 = Release|Any CPU
		{3150EA00-661C-4734-86B8-600DAD7039C8}.Debug|Any CPU.ActiveCfg = Debug|Any CPU
		{3150EA00-661C-4734-86B8-600DAD7039C8}.Debug|Any CPU.Build.0 = Debug|Any CPU
		{3150EA00-661C-4734-86B8-600DAD7039C8}.Release|Any CPU.ActiveCfg = Release|Any CPU
		{3150EA00-661C-4734-86B8-600DAD7039C8}.Release|Any CPU.Build.0 = Release|Any CPU
		{ADEA019D-0245-421D-8EA6-EBA8D1DFCDBD}.Debug|Any CPU.ActiveCfg = Debug|Any CPU
		{ADEA019D-0245-421D-8EA6-EBA8D1DFCDBD}.Debug|Any CPU.Build.0 = Debug|Any CPU
		{ADEA019D-0245-421D-8EA6-EBA8D1DFCDBD}.Release|Any CPU.ActiveCfg = Release|Any CPU
		{ADEA019D-0245-421D-8EA6-EBA8D1DFCDBD}.Release|Any CPU.Build.0 = Release|Any CPU
		{D3E184DB-3829-4D49-BFA2-9137558A7C16}.Debug|Any CPU.ActiveCfg = Debug|Any CPU
		{D3E184DB-3829-4D49-BFA2-9137558A7C16}.Debug|Any CPU.Build.0 = Debug|Any CPU
		{D3E184DB-3829-4D49-BFA2-9137558A7C16}.Release|Any CPU.ActiveCfg = Release|Any CPU
		{D3E184DB-3829-4D49-BFA2-9137558A7C16}.Release|Any CPU.Build.0 = Release|Any CPU
		{8599F3A9-E3D1-4411-B687-2E6EC134C4A3}.Debug|Any CPU.ActiveCfg = Debug|Any CPU
		{8599F3A9-E3D1-4411-B687-2E6EC134C4A3}.Debug|Any CPU.Build.0 = Debug|Any CPU
		{8599F3A9-E3D1-4411-B687-2E6EC134C4A3}.Release|Any CPU.ActiveCfg = Release|Any CPU
		{8599F3A9-E3D1-4411-B687-2E6EC134C4A3}.Release|Any CPU.Build.0 = Release|Any CPU
		{6906BF21-0CC2-46CB-A6C7-302361A2293B}.Debug|Any CPU.ActiveCfg = Debug|Any CPU
		{6906BF21-0CC2-46CB-A6C7-302361A2293B}.Debug|Any CPU.Build.0 = Debug|Any CPU
		{6906BF21-0CC2-46CB-A6C7-302361A2293B}.Release|Any CPU.ActiveCfg = Release|Any CPU
		{6906BF21-0CC2-46CB-A6C7-302361A2293B}.Release|Any CPU.Build.0 = Release|Any CPU
		{698962F0-5A0D-460A-A4E7-90421EB3AEC9}.Debug|Any CPU.ActiveCfg = Debug|Any CPU
		{698962F0-5A0D-460A-A4E7-90421EB3AEC9}.Debug|Any CPU.Build.0 = Debug|Any CPU
		{698962F0-5A0D-460A-A4E7-90421EB3AEC9}.Release|Any CPU.ActiveCfg = Release|Any CPU
		{698962F0-5A0D-460A-A4E7-90421EB3AEC9}.Release|Any CPU.Build.0 = Release|Any CPU
		{8E6711C2-877B-47C7-8787-FD2932478087}.Debug|Any CPU.ActiveCfg = Debug|Any CPU
		{8E6711C2-877B-47C7-8787-FD2932478087}.Debug|Any CPU.Build.0 = Debug|Any CPU
		{8E6711C2-877B-47C7-8787-FD2932478087}.Release|Any CPU.ActiveCfg = Release|Any CPU
		{8E6711C2-877B-47C7-8787-FD2932478087}.Release|Any CPU.Build.0 = Release|Any CPU
		{1B42FD74-6C23-4773-8136-0C097C90CE0C}.Debug|Any CPU.ActiveCfg = Debug|Any CPU
		{1B42FD74-6C23-4773-8136-0C097C90CE0C}.Debug|Any CPU.Build.0 = Debug|Any CPU
		{1B42FD74-6C23-4773-8136-0C097C90CE0C}.Release|Any CPU.ActiveCfg = Release|Any CPU
		{1B42FD74-6C23-4773-8136-0C097C90CE0C}.Release|Any CPU.Build.0 = Release|Any CPU
		{5A411DE6-DC66-4FB0-92F2-127B85C6CA0F}.Debug|Any CPU.ActiveCfg = Debug|Any CPU
		{5A411DE6-DC66-4FB0-92F2-127B85C6CA0F}.Debug|Any CPU.Build.0 = Debug|Any CPU
		{5A411DE6-DC66-4FB0-92F2-127B85C6CA0F}.Release|Any CPU.ActiveCfg = Release|Any CPU
		{5A411DE6-DC66-4FB0-92F2-127B85C6CA0F}.Release|Any CPU.Build.0 = Release|Any CPU
		{ACFE91A1-F424-4780-B47B-DAD568601081}.Debug|Any CPU.ActiveCfg = Debug|Any CPU
		{ACFE91A1-F424-4780-B47B-DAD568601081}.Debug|Any CPU.Build.0 = Debug|Any CPU
		{ACFE91A1-F424-4780-B47B-DAD568601081}.Release|Any CPU.ActiveCfg = Release|Any CPU
		{ACFE91A1-F424-4780-B47B-DAD568601081}.Release|Any CPU.Build.0 = Release|Any CPU
		{7D47FDD4-F5AF-47E0-82BF-504169CDA2AA}.Debug|Any CPU.ActiveCfg = Debug|Any CPU
		{7D47FDD4-F5AF-47E0-82BF-504169CDA2AA}.Debug|Any CPU.Build.0 = Debug|Any CPU
		{7D47FDD4-F5AF-47E0-82BF-504169CDA2AA}.Release|Any CPU.ActiveCfg = Release|Any CPU
		{7D47FDD4-F5AF-47E0-82BF-504169CDA2AA}.Release|Any CPU.Build.0 = Release|Any CPU
		{C42C811B-06D1-4ECB-98E0-117A7F938190}.Debug|Any CPU.ActiveCfg = Debug|Any CPU
		{C42C811B-06D1-4ECB-98E0-117A7F938190}.Debug|Any CPU.Build.0 = Debug|Any CPU
		{C42C811B-06D1-4ECB-98E0-117A7F938190}.Release|Any CPU.ActiveCfg = Release|Any CPU
		{C42C811B-06D1-4ECB-98E0-117A7F938190}.Release|Any CPU.Build.0 = Release|Any CPU
		{BE3F0575-AE82-41A3-B3BB-74894D01CE32}.Debug|Any CPU.ActiveCfg = Debug|Any CPU
		{BE3F0575-AE82-41A3-B3BB-74894D01CE32}.Debug|Any CPU.Build.0 = Debug|Any CPU
		{BE3F0575-AE82-41A3-B3BB-74894D01CE32}.Release|Any CPU.ActiveCfg = Release|Any CPU
		{BE3F0575-AE82-41A3-B3BB-74894D01CE32}.Release|Any CPU.Build.0 = Release|Any CPU
		{9B43FDCE-4475-41D8-9843-04EEE4AAD440}.Debug|Any CPU.ActiveCfg = Debug|Any CPU
		{9B43FDCE-4475-41D8-9843-04EEE4AAD440}.Debug|Any CPU.Build.0 = Debug|Any CPU
		{9B43FDCE-4475-41D8-9843-04EEE4AAD440}.Release|Any CPU.ActiveCfg = Release|Any CPU
		{9B43FDCE-4475-41D8-9843-04EEE4AAD440}.Release|Any CPU.Build.0 = Release|Any CPU
		{681693CB-1668-4EAE-95C0-FDB980B2F4AB}.Debug|Any CPU.ActiveCfg = Debug|Any CPU
		{681693CB-1668-4EAE-95C0-FDB980B2F4AB}.Debug|Any CPU.Build.0 = Debug|Any CPU
		{681693CB-1668-4EAE-95C0-FDB980B2F4AB}.Release|Any CPU.ActiveCfg = Release|Any CPU
		{681693CB-1668-4EAE-95C0-FDB980B2F4AB}.Release|Any CPU.Build.0 = Release|Any CPU
		{9890143A-D9DF-45BE-ADBF-AFE623FB5C3D}.Debug|Any CPU.ActiveCfg = Debug|Any CPU
		{9890143A-D9DF-45BE-ADBF-AFE623FB5C3D}.Debug|Any CPU.Build.0 = Debug|Any CPU
		{9890143A-D9DF-45BE-ADBF-AFE623FB5C3D}.Release|Any CPU.ActiveCfg = Release|Any CPU
		{9890143A-D9DF-45BE-ADBF-AFE623FB5C3D}.Release|Any CPU.Build.0 = Release|Any CPU
		{FA06DAFE-BA94-4D25-A25B-FAB6D5C2054E}.Debug|Any CPU.ActiveCfg = Debug|Any CPU
		{FA06DAFE-BA94-4D25-A25B-FAB6D5C2054E}.Debug|Any CPU.Build.0 = Debug|Any CPU
		{FA06DAFE-BA94-4D25-A25B-FAB6D5C2054E}.Release|Any CPU.ActiveCfg = Release|Any CPU
		{FA06DAFE-BA94-4D25-A25B-FAB6D5C2054E}.Release|Any CPU.Build.0 = Release|Any CPU
		{CDB16241-725C-4105-9880-7FD6DD3E317F}.Debug|Any CPU.ActiveCfg = Debug|Any CPU
		{CDB16241-725C-4105-9880-7FD6DD3E317F}.Debug|Any CPU.Build.0 = Debug|Any CPU
		{CDB16241-725C-4105-9880-7FD6DD3E317F}.Release|Any CPU.ActiveCfg = Release|Any CPU
		{CDB16241-725C-4105-9880-7FD6DD3E317F}.Release|Any CPU.Build.0 = Release|Any CPU
		{CB3FF2E2-FE73-48AF-8CA4-A4FDFEC4F245}.Debug|Any CPU.ActiveCfg = Debug|Any CPU
		{CB3FF2E2-FE73-48AF-8CA4-A4FDFEC4F245}.Debug|Any CPU.Build.0 = Debug|Any CPU
		{CB3FF2E2-FE73-48AF-8CA4-A4FDFEC4F245}.Release|Any CPU.ActiveCfg = Release|Any CPU
		{CB3FF2E2-FE73-48AF-8CA4-A4FDFEC4F245}.Release|Any CPU.Build.0 = Release|Any CPU
		{8450A8AB-7C9D-4EA1-B60A-CF422233FCF8}.Debug|Any CPU.ActiveCfg = Debug|Any CPU
		{8450A8AB-7C9D-4EA1-B60A-CF422233FCF8}.Debug|Any CPU.Build.0 = Debug|Any CPU
		{8450A8AB-7C9D-4EA1-B60A-CF422233FCF8}.Release|Any CPU.ActiveCfg = Release|Any CPU
		{8450A8AB-7C9D-4EA1-B60A-CF422233FCF8}.Release|Any CPU.Build.0 = Release|Any CPU
		{92F33972-6BCF-45FB-ADF0-C5FDB805D203}.Debug|Any CPU.ActiveCfg = Debug|Any CPU
		{92F33972-6BCF-45FB-ADF0-C5FDB805D203}.Debug|Any CPU.Build.0 = Debug|Any CPU
		{92F33972-6BCF-45FB-ADF0-C5FDB805D203}.Release|Any CPU.ActiveCfg = Release|Any CPU
		{92F33972-6BCF-45FB-ADF0-C5FDB805D203}.Release|Any CPU.Build.0 = Release|Any CPU
		{0A4C2235-B212-49E8-91D8-0FA997C55ACC}.Debug|Any CPU.ActiveCfg = Debug|Any CPU
		{0A4C2235-B212-49E8-91D8-0FA997C55ACC}.Debug|Any CPU.Build.0 = Debug|Any CPU
		{0A4C2235-B212-49E8-91D8-0FA997C55ACC}.Release|Any CPU.ActiveCfg = Release|Any CPU
		{0A4C2235-B212-49E8-91D8-0FA997C55ACC}.Release|Any CPU.Build.0 = Release|Any CPU
		{781E8F04-1F1B-426D-805F-17D54B504C6F}.Debug|Any CPU.ActiveCfg = Debug|Any CPU
		{781E8F04-1F1B-426D-805F-17D54B504C6F}.Debug|Any CPU.Build.0 = Debug|Any CPU
		{781E8F04-1F1B-426D-805F-17D54B504C6F}.Release|Any CPU.ActiveCfg = Release|Any CPU
		{781E8F04-1F1B-426D-805F-17D54B504C6F}.Release|Any CPU.Build.0 = Release|Any CPU
		{F21396E6-7C9B-49BF-AE1F-347CCF473599}.Debug|Any CPU.ActiveCfg = Debug|Any CPU
		{F21396E6-7C9B-49BF-AE1F-347CCF473599}.Debug|Any CPU.Build.0 = Debug|Any CPU
		{F21396E6-7C9B-49BF-AE1F-347CCF473599}.Release|Any CPU.ActiveCfg = Release|Any CPU
		{F21396E6-7C9B-49BF-AE1F-347CCF473599}.Release|Any CPU.Build.0 = Release|Any CPU
		{6407BAAA-9C3A-405B-A910-3DA09D483CE1}.Debug|Any CPU.ActiveCfg = Debug|Any CPU
		{6407BAAA-9C3A-405B-A910-3DA09D483CE1}.Debug|Any CPU.Build.0 = Debug|Any CPU
		{6407BAAA-9C3A-405B-A910-3DA09D483CE1}.Release|Any CPU.ActiveCfg = Release|Any CPU
		{6407BAAA-9C3A-405B-A910-3DA09D483CE1}.Release|Any CPU.Build.0 = Release|Any CPU
		{B2BDAFFA-0118-46FF-B406-BEA4B4377EB9}.Debug|Any CPU.ActiveCfg = Debug|Any CPU
		{B2BDAFFA-0118-46FF-B406-BEA4B4377EB9}.Debug|Any CPU.Build.0 = Debug|Any CPU
		{B2BDAFFA-0118-46FF-B406-BEA4B4377EB9}.Release|Any CPU.ActiveCfg = Release|Any CPU
		{B2BDAFFA-0118-46FF-B406-BEA4B4377EB9}.Release|Any CPU.Build.0 = Release|Any CPU
		{679EDE1D-3C62-4ECD-A7F1-469908391EC2}.Debug|Any CPU.ActiveCfg = Debug|Any CPU
		{679EDE1D-3C62-4ECD-A7F1-469908391EC2}.Debug|Any CPU.Build.0 = Debug|Any CPU
		{679EDE1D-3C62-4ECD-A7F1-469908391EC2}.Release|Any CPU.ActiveCfg = Release|Any CPU
		{679EDE1D-3C62-4ECD-A7F1-469908391EC2}.Release|Any CPU.Build.0 = Release|Any CPU
		{7018D203-0297-4F96-A4E0-5B9A218CB43B}.Debug|Any CPU.ActiveCfg = Debug|Any CPU
		{7018D203-0297-4F96-A4E0-5B9A218CB43B}.Debug|Any CPU.Build.0 = Debug|Any CPU
		{7018D203-0297-4F96-A4E0-5B9A218CB43B}.Release|Any CPU.ActiveCfg = Release|Any CPU
		{7018D203-0297-4F96-A4E0-5B9A218CB43B}.Release|Any CPU.Build.0 = Release|Any CPU
		{3F81A7EB-50DE-4EB0-85BC-0A36A58B48E1}.Debug|Any CPU.ActiveCfg = Debug|Any CPU
		{3F81A7EB-50DE-4EB0-85BC-0A36A58B48E1}.Debug|Any CPU.Build.0 = Debug|Any CPU
		{3F81A7EB-50DE-4EB0-85BC-0A36A58B48E1}.Release|Any CPU.ActiveCfg = Release|Any CPU
		{3F81A7EB-50DE-4EB0-85BC-0A36A58B48E1}.Release|Any CPU.Build.0 = Release|Any CPU
		{4957F1A7-C7C4-4CC6-B403-16EE3D1ABA44}.Debug|Any CPU.ActiveCfg = Debug|Any CPU
		{4957F1A7-C7C4-4CC6-B403-16EE3D1ABA44}.Debug|Any CPU.Build.0 = Debug|Any CPU
		{4957F1A7-C7C4-4CC6-B403-16EE3D1ABA44}.Release|Any CPU.ActiveCfg = Release|Any CPU
		{4957F1A7-C7C4-4CC6-B403-16EE3D1ABA44}.Release|Any CPU.Build.0 = Release|Any CPU
		{2C4C70B0-0991-41B7-BCC9-36A732E041B6}.Debug|Any CPU.ActiveCfg = Debug|Any CPU
		{2C4C70B0-0991-41B7-BCC9-36A732E041B6}.Debug|Any CPU.Build.0 = Debug|Any CPU
		{2C4C70B0-0991-41B7-BCC9-36A732E041B6}.Release|Any CPU.ActiveCfg = Release|Any CPU
		{2C4C70B0-0991-41B7-BCC9-36A732E041B6}.Release|Any CPU.Build.0 = Release|Any CPU
		{7152D1B7-DCEC-41E0-ADBC-7AD38DB07963}.Debug|Any CPU.ActiveCfg = Debug|Any CPU
		{7152D1B7-DCEC-41E0-ADBC-7AD38DB07963}.Debug|Any CPU.Build.0 = Debug|Any CPU
		{7152D1B7-DCEC-41E0-ADBC-7AD38DB07963}.Release|Any CPU.ActiveCfg = Release|Any CPU
		{7152D1B7-DCEC-41E0-ADBC-7AD38DB07963}.Release|Any CPU.Build.0 = Release|Any CPU
		{60EDD0B4-D570-433B-8B05-E1EA83F7CAC7}.Debug|Any CPU.ActiveCfg = Debug|Any CPU
		{60EDD0B4-D570-433B-8B05-E1EA83F7CAC7}.Debug|Any CPU.Build.0 = Debug|Any CPU
		{60EDD0B4-D570-433B-8B05-E1EA83F7CAC7}.Release|Any CPU.ActiveCfg = Release|Any CPU
		{60EDD0B4-D570-433B-8B05-E1EA83F7CAC7}.Release|Any CPU.Build.0 = Release|Any CPU
		{FC6E4503-7133-42F1-A3E3-85C27EF64830}.Debug|Any CPU.ActiveCfg = Debug|Any CPU
		{FC6E4503-7133-42F1-A3E3-85C27EF64830}.Debug|Any CPU.Build.0 = Debug|Any CPU
		{FC6E4503-7133-42F1-A3E3-85C27EF64830}.Release|Any CPU.ActiveCfg = Release|Any CPU
		{FC6E4503-7133-42F1-A3E3-85C27EF64830}.Release|Any CPU.Build.0 = Release|Any CPU
		{C495AAB0-C2BF-49C3-A623-CC9C52B486D7}.Debug|Any CPU.ActiveCfg = Debug|Any CPU
		{C495AAB0-C2BF-49C3-A623-CC9C52B486D7}.Debug|Any CPU.Build.0 = Debug|Any CPU
		{C495AAB0-C2BF-49C3-A623-CC9C52B486D7}.Release|Any CPU.ActiveCfg = Release|Any CPU
		{C495AAB0-C2BF-49C3-A623-CC9C52B486D7}.Release|Any CPU.Build.0 = Release|Any CPU
		{8AD8B627-FC5E-4175-A333-7600F1EC9D09}.Debug|Any CPU.ActiveCfg = Debug|Any CPU
		{8AD8B627-FC5E-4175-A333-7600F1EC9D09}.Debug|Any CPU.Build.0 = Debug|Any CPU
		{8AD8B627-FC5E-4175-A333-7600F1EC9D09}.Release|Any CPU.ActiveCfg = Release|Any CPU
		{8AD8B627-FC5E-4175-A333-7600F1EC9D09}.Release|Any CPU.Build.0 = Release|Any CPU
		{631AF64D-B90F-42FC-BAF6-FE6C0E6B3AEC}.Debug|Any CPU.ActiveCfg = Debug|Any CPU
		{631AF64D-B90F-42FC-BAF6-FE6C0E6B3AEC}.Debug|Any CPU.Build.0 = Debug|Any CPU
		{631AF64D-B90F-42FC-BAF6-FE6C0E6B3AEC}.Release|Any CPU.ActiveCfg = Release|Any CPU
		{631AF64D-B90F-42FC-BAF6-FE6C0E6B3AEC}.Release|Any CPU.Build.0 = Release|Any CPU
		{74F9CF9C-73A8-438C-B957-985868B7EB3D}.Debug|Any CPU.ActiveCfg = Debug|Any CPU
		{74F9CF9C-73A8-438C-B957-985868B7EB3D}.Debug|Any CPU.Build.0 = Debug|Any CPU
		{74F9CF9C-73A8-438C-B957-985868B7EB3D}.Release|Any CPU.ActiveCfg = Release|Any CPU
		{74F9CF9C-73A8-438C-B957-985868B7EB3D}.Release|Any CPU.Build.0 = Release|Any CPU
		{8A8D4870-E6F5-416E-901C-03E4AE05B75D}.Debug|Any CPU.ActiveCfg = Debug|Any CPU
		{8A8D4870-E6F5-416E-901C-03E4AE05B75D}.Debug|Any CPU.Build.0 = Debug|Any CPU
		{8A8D4870-E6F5-416E-901C-03E4AE05B75D}.Release|Any CPU.ActiveCfg = Release|Any CPU
		{8A8D4870-E6F5-416E-901C-03E4AE05B75D}.Release|Any CPU.Build.0 = Release|Any CPU
		{C0F1DD8F-6C82-48C1-B54C-058EB28D41A5}.Debug|Any CPU.ActiveCfg = Debug|Any CPU
		{C0F1DD8F-6C82-48C1-B54C-058EB28D41A5}.Debug|Any CPU.Build.0 = Debug|Any CPU
		{C0F1DD8F-6C82-48C1-B54C-058EB28D41A5}.Release|Any CPU.ActiveCfg = Release|Any CPU
		{C0F1DD8F-6C82-48C1-B54C-058EB28D41A5}.Release|Any CPU.Build.0 = Release|Any CPU
		{28A0C487-7EF5-45BB-A4C0-5550AB27B8E6}.Debug|Any CPU.ActiveCfg = Debug|Any CPU
		{28A0C487-7EF5-45BB-A4C0-5550AB27B8E6}.Debug|Any CPU.Build.0 = Debug|Any CPU
		{28A0C487-7EF5-45BB-A4C0-5550AB27B8E6}.Release|Any CPU.ActiveCfg = Release|Any CPU
		{28A0C487-7EF5-45BB-A4C0-5550AB27B8E6}.Release|Any CPU.Build.0 = Release|Any CPU
		{ACA8F828-01DB-41DB-AEAB-4C85867CEBB0}.Debug|Any CPU.ActiveCfg = Debug|Any CPU
		{ACA8F828-01DB-41DB-AEAB-4C85867CEBB0}.Debug|Any CPU.Build.0 = Debug|Any CPU
		{ACA8F828-01DB-41DB-AEAB-4C85867CEBB0}.Release|Any CPU.ActiveCfg = Release|Any CPU
		{ACA8F828-01DB-41DB-AEAB-4C85867CEBB0}.Release|Any CPU.Build.0 = Release|Any CPU
	EndGlobalSection
	GlobalSection(SolutionProperties) = preSolution
		HideSolutionNode = FALSE
	EndGlobalSection
	GlobalSection(ExtensibilityGlobals) = postSolution
		SolutionGuid = {09B73F8F-968B-4EB9-B656-3CED5EF4549C}
	EndGlobalSection
EndGlobal
